
Microsoft Visual Studio Solution File, Format Version 12.00
# Visual Studio Version 16
VisualStudioVersion = 16.0.29424.173
MinimumVisualStudioVersion = 10.0.40219.1
Project("{9A19103F-16F7-4668-BE54-9A1E7A4F7556}") = "work2", "ConsoleApp1\work2.csproj", "{556825B4-70A0-4593-B232-6E0BE288DAF2}"
EndProject
Project("{9A19103F-16F7-4668-BE54-9A1E7A4F7556}") = "work1", "work1\work1.csproj", "{E3F936CF-03B2-45D2-BF25-7875AA9DEF68}"
EndProject
Project("{FAE04EC0-301F-11D3-BF4B-00C04F79EFBC}") = "work3", "work3\work3.csproj", "{BEF9D3F7-4B73-482E-AB13-36C3BFC04A2D}"
EndProject
Global
	GlobalSection(SolutionConfigurationPlatforms) = preSolution
		Debug|Any CPU = Debug|Any CPU
		Release|Any CPU = Release|Any CPU
	EndGlobalSection
	GlobalSection(ProjectConfigurationPlatforms) = postSolution
		{556825B4-70A0-4593-B232-6E0BE288DAF2}.Debug|Any CPU.ActiveCfg = Debug|Any CPU
		{556825B4-70A0-4593-B232-6E0BE288DAF2}.Debug|Any CPU.Build.0 = Debug|Any CPU
		{556825B4-70A0-4593-B232-6E0BE288DAF2}.Release|Any CPU.ActiveCfg = Release|Any CPU
		{556825B4-70A0-4593-B232-6E0BE288DAF2}.Release|Any CPU.Build.0 = Release|Any CPU
		{E3F936CF-03B2-45D2-BF25-7875AA9DEF68}.Debug|Any CPU.ActiveCfg = Debug|Any CPU
		{E3F936CF-03B2-45D2-BF25-7875AA9DEF68}.Debug|Any CPU.Build.0 = Debug|Any CPU
		{E3F936CF-03B2-45D2-BF25-7875AA9DEF68}.Release|Any CPU.ActiveCfg = Release|Any CPU
		{E3F936CF-03B2-45D2-BF25-7875AA9DEF68}.Release|Any CPU.Build.0 = Release|Any CPU
		{BEF9D3F7-4B73-482E-AB13-36C3BFC04A2D}.Debug|Any CPU.ActiveCfg = Debug|Any CPU
		{BEF9D3F7-4B73-482E-AB13-36C3BFC04A2D}.Debug|Any CPU.Build.0 = Debug|Any CPU
		{BEF9D3F7-4B73-482E-AB13-36C3BFC04A2D}.Release|Any CPU.ActiveCfg = Release|Any CPU
		{BEF9D3F7-4B73-482E-AB13-36C3BFC04A2D}.Release|Any CPU.Build.0 = Release|Any CPU
	EndGlobalSection
	GlobalSection(SolutionProperties) = preSolution
		HideSolutionNode = FALSE
	EndGlobalSection
	GlobalSection(ExtensibilityGlobals) = postSolution
		SolutionGuid = {C57714E0-B034-407E-ABD7-011E7382006E}
	EndGlobalSection
EndGlobal
