
Microsoft Visual Studio Solution File, Format Version 12.00
# Visual Studio Version 16
VisualStudioVersion = 16.0.29424.173
MinimumVisualStudioVersion = 10.0.40219.1
Project("{FAE04EC0-301F-11D3-BF4B-00C04F79EFBC}") = "work8", "work8\work8.csproj", "{BE7ACA83-C7C8-4B6D-B115-D29DC4272019}"
EndProject
Project("{FAE04EC0-301F-11D3-BF4B-00C04F79EFBC}") = "work5", "work5\work5.csproj", "{90EA2E7E-8491-49CD-9FA6-C173C0B4DE62}"
EndProject
Global
	GlobalSection(SolutionConfigurationPlatforms) = preSolution
		Debug|Any CPU = Debug|Any CPU
		Release|Any CPU = Release|Any CPU
	EndGlobalSection
	GlobalSection(ProjectConfigurationPlatforms) = postSolution
		{BE7ACA83-C7C8-4B6D-B115-D29DC4272019}.Debug|Any CPU.ActiveCfg = Debug|Any CPU
		{BE7ACA83-C7C8-4B6D-B115-D29DC4272019}.Debug|Any CPU.Build.0 = Debug|Any CPU
		{BE7ACA83-C7C8-4B6D-B115-D29DC4272019}.Release|Any CPU.ActiveCfg = Release|Any CPU
		{BE7ACA83-C7C8-4B6D-B115-D29DC4272019}.Release|Any CPU.Build.0 = Release|Any CPU
		{90EA2E7E-8491-49CD-9FA6-C173C0B4DE62}.Debug|Any CPU.ActiveCfg = Debug|Any CPU
		{90EA2E7E-8491-49CD-9FA6-C173C0B4DE62}.Debug|Any CPU.Build.0 = Debug|Any CPU
		{90EA2E7E-8491-49CD-9FA6-C173C0B4DE62}.Release|Any CPU.ActiveCfg = Release|Any CPU
		{90EA2E7E-8491-49CD-9FA6-C173C0B4DE62}.Release|Any CPU.Build.0 = Release|Any CPU
	EndGlobalSection
	GlobalSection(SolutionProperties) = preSolution
		HideSolutionNode = FALSE
	EndGlobalSection
	GlobalSection(ExtensibilityGlobals) = postSolution
		SolutionGuid = {72AC570D-8BC7-47A6-96EB-BD0ED4B097B1}
	EndGlobalSection
EndGlobal
