
Microsoft Visual Studio Solution File, Format Version 12.00
# Visual Studio Version 16
VisualStudioVersion = 16.0.29424.173
MinimumVisualStudioVersion = 10.0.40219.1
Project("{FAE04EC0-301F-11D3-BF4B-00C04F79EFBC}") = "work5", "Homework6\work5.csproj", "{8142073F-CCCC-418C-8AB0-CC5A469D44ED}"
EndProject
Project("{FAE04EC0-301F-11D3-BF4B-00C04F79EFBC}") = "UnitTestProject2", "UnitTestProject2\UnitTestProject2.csproj", "{8B49D0E2-E697-478E-9118-5670B73A855C}"
EndProject
Global
	GlobalSection(SolutionConfigurationPlatforms) = preSolution
		Debug|Any CPU = Debug|Any CPU
		Release|Any CPU = Release|Any CPU
	EndGlobalSection
	GlobalSection(ProjectConfigurationPlatforms) = postSolution
		{8142073F-CCCC-418C-8AB0-CC5A469D44ED}.Debug|Any CPU.ActiveCfg = Debug|Any CPU
		{8142073F-CCCC-418C-8AB0-CC5A469D44ED}.Debug|Any CPU.Build.0 = Debug|Any CPU
		{8142073F-CCCC-418C-8AB0-CC5A469D44ED}.Release|Any CPU.ActiveCfg = Release|Any CPU
		{8142073F-CCCC-418C-8AB0-CC5A469D44ED}.Release|Any CPU.Build.0 = Release|Any CPU
		{8B49D0E2-E697-478E-9118-5670B73A855C}.Debug|Any CPU.ActiveCfg = Debug|Any CPU
		{8B49D0E2-E697-478E-9118-5670B73A855C}.Debug|Any CPU.Build.0 = Debug|Any CPU
		{8B49D0E2-E697-478E-9118-5670B73A855C}.Release|Any CPU.ActiveCfg = Release|Any CPU
		{8B49D0E2-E697-478E-9118-5670B73A855C}.Release|Any CPU.Build.0 = Release|Any CPU
	EndGlobalSection
	GlobalSection(SolutionProperties) = preSolution
		HideSolutionNode = FALSE
	EndGlobalSection
	GlobalSection(ExtensibilityGlobals) = postSolution
		SolutionGuid = {0EFDEAB3-AD6B-41B2-9445-2717FE5E3AAC}
	EndGlobalSection
EndGlobal
